
Microsoft Visual Studio Solution File, Format Version 12.00
# Visual Studio Version 17
VisualStudioVersion = 17.2.32630.192
MinimumVisualStudioVersion = 10.0.40219.1
Project("{FAE04EC0-301F-11D3-BF4B-00C04F79EFBC}") = "APIInteractiveLab", "APIInteractiveLab.csproj", "{EE85AD0A-47E1-4667-B489-8954B8844BAA}"
EndProject
Project("{2150E333-8FDC-42A3-9474-1A3956D46DE8}") = "Tests", "Tests", "{9E5BBA5E-3809-461B-B2D7-97AC119C0B1C}"
EndProject
Project("{2150E333-8FDC-42A3-9474-1A3956D46DE8}") = "Controllers", "Controllers", "{BE4B4322-3289-4232-8C0A-CD37DA676B28}"
	ProjectSection(SolutionItems) = preProject
		CoffeeControllerTests.cs = CoffeeControllerTests.cs
		HomeControllerTests.cs = HomeControllerTests.cs
	EndProjectSection
EndProject
Global
	GlobalSection(SolutionConfigurationPlatforms) = preSolution
		Debug|Any CPU = Debug|Any CPU
		Release|Any CPU = Release|Any CPU
	EndGlobalSection
	GlobalSection(ProjectConfigurationPlatforms) = postSolution
		{EE85AD0A-47E1-4667-B489-8954B8844BAA}.Debug|Any CPU.ActiveCfg = Debug|Any CPU
		{EE85AD0A-47E1-4667-B489-8954B8844BAA}.Debug|Any CPU.Build.0 = Debug|Any CPU
		{EE85AD0A-47E1-4667-B489-8954B8844BAA}.Release|Any CPU.ActiveCfg = Release|Any CPU
		{EE85AD0A-47E1-4667-B489-8954B8844BAA}.Release|Any CPU.Build.0 = Release|Any CPU
	EndGlobalSection
	GlobalSection(SolutionProperties) = preSolution
		HideSolutionNode = FALSE
	EndGlobalSection
	GlobalSection(NestedProjects) = preSolution
		{BE4B4322-3289-4232-8C0A-CD37DA676B28} = {9E5BBA5E-3809-461B-B2D7-97AC119C0B1C}
	EndGlobalSection
	GlobalSection(ExtensibilityGlobals) = postSolution
		SolutionGuid = {4CCCD696-A3BF-4CAD-AC31-66CECE755604}
	EndGlobalSection
EndGlobal
